
Microsoft Visual Studio Solution File, Format Version 12.00
# Visual Studio Version 16
VisualStudioVersion = 16.0.29905.134
MinimumVisualStudioVersion = 10.0.40219.1
Project("{9A19103F-16F7-4668-BE54-9A1E7A4F7556}") = "Server", "Server\Server.csproj", "{D0E0C651-67C4-4DEE-8881-C71AC84FEFA8}"
EndProject
Project("{9A19103F-16F7-4668-BE54-9A1E7A4F7556}") = "Client", "Client\Client.csproj", "{656307DE-7FE7-40D4-AE53-3B3F72BFA054}"
EndProject
Project("{FAE04EC0-301F-11D3-BF4B-00C04F79EFBC}") = "Core", "Core\Core.csproj", "{18CD9212-8F73-4F09-A13F-700F9395D10F}"
EndProject
Global
	GlobalSection(SolutionConfigurationPlatforms) = preSolution
		Debug|Any CPU = Debug|Any CPU
		Release|Any CPU = Release|Any CPU
	EndGlobalSection
	GlobalSection(ProjectConfigurationPlatforms) = postSolution
		{D0E0C651-67C4-4DEE-8881-C71AC84FEFA8}.Debug|Any CPU.ActiveCfg = Debug|Any CPU
		{D0E0C651-67C4-4DEE-8881-C71AC84FEFA8}.Debug|Any CPU.Build.0 = Debug|Any CPU
		{D0E0C651-67C4-4DEE-8881-C71AC84FEFA8}.Release|Any CPU.ActiveCfg = Release|Any CPU
		{D0E0C651-67C4-4DEE-8881-C71AC84FEFA8}.Release|Any CPU.Build.0 = Release|Any CPU
		{656307DE-7FE7-40D4-AE53-3B3F72BFA054}.Debug|Any CPU.ActiveCfg = Debug|Any CPU
		{656307DE-7FE7-40D4-AE53-3B3F72BFA054}.Debug|Any CPU.Build.0 = Debug|Any CPU
		{656307DE-7FE7-40D4-AE53-3B3F72BFA054}.Release|Any CPU.ActiveCfg = Release|Any CPU
		{656307DE-7FE7-40D4-AE53-3B3F72BFA054}.Release|Any CPU.Build.0 = Release|Any CPU
		{18CD9212-8F73-4F09-A13F-700F9395D10F}.Debug|Any CPU.ActiveCfg = Debug|Any CPU
		{18CD9212-8F73-4F09-A13F-700F9395D10F}.Debug|Any CPU.Build.0 = Debug|Any CPU
		{18CD9212-8F73-4F09-A13F-700F9395D10F}.Release|Any CPU.ActiveCfg = Release|Any CPU
		{18CD9212-8F73-4F09-A13F-700F9395D10F}.Release|Any CPU.Build.0 = Release|Any CPU
	EndGlobalSection
	GlobalSection(SolutionProperties) = preSolution
		HideSolutionNode = FALSE
	EndGlobalSection
	GlobalSection(ExtensibilityGlobals) = postSolution
		SolutionGuid = {6C991A38-5E6F-46F0-A93C-C3AEDCC58C7B}
	EndGlobalSection
EndGlobal
